
Microsoft Visual Studio Solution File, Format Version 12.00
# Visual Studio 15
VisualStudioVersion = 15.0.28010.2036
MinimumVisualStudioVersion = 10.0.40219.1
Project("{FAE04EC0-301F-11D3-BF4B-00C04F79EFBC}") = "Tutorial XML", "Tutorial XML\Tutorial XML.csproj", "{5DACAF01-1D75-4D43-8C23-289229479183}"
EndProject
Global
	GlobalSection(SolutionConfigurationPlatforms) = preSolution
		Debug|Any CPU = Debug|Any CPU
		Release|Any CPU = Release|Any CPU
	EndGlobalSection
	GlobalSection(ProjectConfigurationPlatforms) = postSolution
		{5DACAF01-1D75-4D43-8C23-289229479183}.Debug|Any CPU.ActiveCfg = Debug|Any CPU
		{5DACAF01-1D75-4D43-8C23-289229479183}.Debug|Any CPU.Build.0 = Debug|Any CPU
		{5DACAF01-1D75-4D43-8C23-289229479183}.Debug|Any CPU.Deploy.0 = Debug|Any CPU
		{5DACAF01-1D75-4D43-8C23-289229479183}.Release|Any CPU.ActiveCfg = Release|Any CPU
		{5DACAF01-1D75-4D43-8C23-289229479183}.Release|Any CPU.Build.0 = Release|Any CPU
		{5DACAF01-1D75-4D43-8C23-289229479183}.Release|Any CPU.Deploy.0 = Release|Any CPU
	EndGlobalSection
	GlobalSection(SolutionProperties) = preSolution
		HideSolutionNode = FALSE
	EndGlobalSection
	GlobalSection(ExtensibilityGlobals) = postSolution
		SolutionGuid = {90F1298D-AB5F-4725-92EF-C31FF235D510}
	EndGlobalSection
EndGlobal
