
Microsoft Visual Studio Solution File, Format Version 12.00
# Visual Studio 15
VisualStudioVersion = 15.0.28010.2036
MinimumVisualStudioVersion = 10.0.40219.1
Project("{FAE04EC0-301F-11D3-BF4B-00C04F79EFBC}") = "Poke", "Poke\Poke.csproj", "{2E532621-B5FB-4FF8-9E73-FEACB876D8B1}"
EndProject
Global
	GlobalSection(SolutionConfigurationPlatforms) = preSolution
		Debug|Any CPU = Debug|Any CPU
		Release|Any CPU = Release|Any CPU
	EndGlobalSection
	GlobalSection(ProjectConfigurationPlatforms) = postSolution
		{2E532621-B5FB-4FF8-9E73-FEACB876D8B1}.Debug|Any CPU.ActiveCfg = Debug|Any CPU
		{2E532621-B5FB-4FF8-9E73-FEACB876D8B1}.Debug|Any CPU.Build.0 = Debug|Any CPU
		{2E532621-B5FB-4FF8-9E73-FEACB876D8B1}.Debug|Any CPU.Deploy.0 = Debug|Any CPU
		{2E532621-B5FB-4FF8-9E73-FEACB876D8B1}.Release|Any CPU.ActiveCfg = Release|Any CPU
		{2E532621-B5FB-4FF8-9E73-FEACB876D8B1}.Release|Any CPU.Build.0 = Release|Any CPU
		{2E532621-B5FB-4FF8-9E73-FEACB876D8B1}.Release|Any CPU.Deploy.0 = Release|Any CPU
	EndGlobalSection
	GlobalSection(SolutionProperties) = preSolution
		HideSolutionNode = FALSE
	EndGlobalSection
	GlobalSection(ExtensibilityGlobals) = postSolution
		SolutionGuid = {C19DC95C-80C9-4736-805C-4BBB42CB01B4}
	EndGlobalSection
EndGlobal
